
Microsoft Visual Studio Solution File, Format Version 12.00
# Visual Studio 14
VisualStudioVersion = 14.0.23107.0
MinimumVisualStudioVersion = 10.0.40219.1
Project("{FAE04EC0-301F-11D3-BF4B-00C04F79EFBC}") = "Authentication", "Authentication\Authentication.csproj", "{4F3759D6-7267-401C-A0AB-14CFD3178F43}"
	ProjectSection(ProjectDependencies) = postProject
		{75EC6A90-8070-4252-A35D-5420C1BF5E61} = {75EC6A90-8070-4252-A35D-5420C1BF5E61}
	EndProjectSection
EndProject
Project("{FAE04EC0-301F-11D3-BF4B-00C04F79EFBC}") = "Authentication.Domain", "Authentication.Domain\Authentication.Domain.csproj", "{75EC6A90-8070-4252-A35D-5420C1BF5E61}"
EndProject
Global
	GlobalSection(SolutionConfigurationPlatforms) = preSolution
		Debug|Any CPU = Debug|Any CPU
		Release|Any CPU = Release|Any CPU
	EndGlobalSection
	GlobalSection(ProjectConfigurationPlatforms) = postSolution
		{4F3759D6-7267-401C-A0AB-14CFD3178F43}.Debug|Any CPU.ActiveCfg = Debug|Any CPU
		{4F3759D6-7267-401C-A0AB-14CFD3178F43}.Debug|Any CPU.Build.0 = Debug|Any CPU
		{4F3759D6-7267-401C-A0AB-14CFD3178F43}.Release|Any CPU.ActiveCfg = Release|Any CPU
		{4F3759D6-7267-401C-A0AB-14CFD3178F43}.Release|Any CPU.Build.0 = Release|Any CPU
		{75EC6A90-8070-4252-A35D-5420C1BF5E61}.Debug|Any CPU.ActiveCfg = Debug|Any CPU
		{75EC6A90-8070-4252-A35D-5420C1BF5E61}.Debug|Any CPU.Build.0 = Debug|Any CPU
		{75EC6A90-8070-4252-A35D-5420C1BF5E61}.Release|Any CPU.ActiveCfg = Release|Any CPU
		{75EC6A90-8070-4252-A35D-5420C1BF5E61}.Release|Any CPU.Build.0 = Release|Any CPU
	EndGlobalSection
	GlobalSection(SolutionProperties) = preSolution
		HideSolutionNode = FALSE
	EndGlobalSection
EndGlobal
